
Microsoft Visual Studio Solution File, Format Version 11.00
# Visual Studio 2010
Project("{EDCC3B85-0BAD-11DB-BC1A-00112FDE8B61}") = "ThriftParser", "ThriftParser\ThriftParser.nproj", "{6D4F0254-E275-4D70-AD7C-5A69B42BC380}"
EndProject
Project("{EDCC3B85-0BAD-11DB-BC1A-00112FDE8B61}") = "Core", "Core\Core.nproj", "{8D9B2A3D-AA0A-42A6-9D80-66158471D1D8}"
EndProject
Project("{EDCC3B85-0BAD-11DB-BC1A-00112FDE8B61}") = "Ccr.Macros", "Ccr.Macros\Ccr.Macros.nproj", "{1BAF097F-135D-4EFD-9448-0FB67EB67432}"
EndProject
Project("{EDCC3B85-0BAD-11DB-BC1A-00112FDE8B61}") = "Ccr", "Ccr\Ccr.nproj", "{F9416059-E027-4676-8728-B2938D2BD7DF}"
EndProject
Project("{EDCC3B85-0BAD-11DB-BC1A-00112FDE8B61}") = "Ccr.Macros.Test", "Ccr.Macros.Test\Ccr.Macros.Test.nproj", "{2B066C2A-A90E-4251-A41A-F2530346CB32}"
EndProject
Project("{EDCC3B85-0BAD-11DB-BC1A-00112FDE8B61}") = "Async.Macros", "Async.Macros\Async.Macros.nproj", "{B23978E3-503F-4FCB-B356-B53231F3ADDB}"
EndProject
Global
	GlobalSection(SolutionConfigurationPlatforms) = preSolution
		Debug|Any CPU = Debug|Any CPU
		Release|Any CPU = Release|Any CPU
	EndGlobalSection
	GlobalSection(ProjectConfigurationPlatforms) = postSolution
		{6D4F0254-E275-4D70-AD7C-5A69B42BC380}.Debug|Any CPU.ActiveCfg = Debug|Any CPU
		{6D4F0254-E275-4D70-AD7C-5A69B42BC380}.Debug|Any CPU.Build.0 = Debug|Any CPU
		{6D4F0254-E275-4D70-AD7C-5A69B42BC380}.Release|Any CPU.ActiveCfg = Release|Any CPU
		{6D4F0254-E275-4D70-AD7C-5A69B42BC380}.Release|Any CPU.Build.0 = Release|Any CPU
		{8D9B2A3D-AA0A-42A6-9D80-66158471D1D8}.Debug|Any CPU.ActiveCfg = Debug|Any CPU
		{8D9B2A3D-AA0A-42A6-9D80-66158471D1D8}.Debug|Any CPU.Build.0 = Debug|Any CPU
		{8D9B2A3D-AA0A-42A6-9D80-66158471D1D8}.Release|Any CPU.ActiveCfg = Release|Any CPU
		{8D9B2A3D-AA0A-42A6-9D80-66158471D1D8}.Release|Any CPU.Build.0 = Release|Any CPU
		{1BAF097F-135D-4EFD-9448-0FB67EB67432}.Debug|Any CPU.ActiveCfg = Debug|Any CPU
		{1BAF097F-135D-4EFD-9448-0FB67EB67432}.Debug|Any CPU.Build.0 = Debug|Any CPU
		{1BAF097F-135D-4EFD-9448-0FB67EB67432}.Release|Any CPU.ActiveCfg = Release|Any CPU
		{1BAF097F-135D-4EFD-9448-0FB67EB67432}.Release|Any CPU.Build.0 = Release|Any CPU
		{F9416059-E027-4676-8728-B2938D2BD7DF}.Debug|Any CPU.ActiveCfg = Debug|Any CPU
		{F9416059-E027-4676-8728-B2938D2BD7DF}.Debug|Any CPU.Build.0 = Debug|Any CPU
		{F9416059-E027-4676-8728-B2938D2BD7DF}.Release|Any CPU.ActiveCfg = Release|Any CPU
		{F9416059-E027-4676-8728-B2938D2BD7DF}.Release|Any CPU.Build.0 = Release|Any CPU
		{2B066C2A-A90E-4251-A41A-F2530346CB32}.Debug|Any CPU.ActiveCfg = Debug|Any CPU
		{2B066C2A-A90E-4251-A41A-F2530346CB32}.Debug|Any CPU.Build.0 = Debug|Any CPU
		{2B066C2A-A90E-4251-A41A-F2530346CB32}.Release|Any CPU.ActiveCfg = Release|Any CPU
		{2B066C2A-A90E-4251-A41A-F2530346CB32}.Release|Any CPU.Build.0 = Release|Any CPU
		{B23978E3-503F-4FCB-B356-B53231F3ADDB}.Debug|Any CPU.ActiveCfg = Debug|Any CPU
		{B23978E3-503F-4FCB-B356-B53231F3ADDB}.Debug|Any CPU.Build.0 = Debug|Any CPU
		{B23978E3-503F-4FCB-B356-B53231F3ADDB}.Release|Any CPU.ActiveCfg = Release|Any CPU
		{B23978E3-503F-4FCB-B356-B53231F3ADDB}.Release|Any CPU.Build.0 = Release|Any CPU
	EndGlobalSection
	GlobalSection(SolutionProperties) = preSolution
		HideSolutionNode = FALSE
	EndGlobalSection
EndGlobal
